
Microsoft Visual Studio Solution File, Format Version 12.00
# Visual Studio Version 17
VisualStudioVersion = 17.9.34728.123
MinimumVisualStudioVersion = 10.0.40219.1
Project("{FAE04EC0-301F-11D3-BF4B-00C04F79EFBC}") = "Zachary Renyhart Week 2 Challenge #5", "Zachary Renyhart Week 2 Challenge #5.csproj", "{DAF57926-EB3B-4C4A-98C6-099C2FFB0518}"
EndProject
Global
	GlobalSection(SolutionConfigurationPlatforms) = preSolution
		Debug|Any CPU = Debug|Any CPU
		Release|Any CPU = Release|Any CPU
	EndGlobalSection
	GlobalSection(ProjectConfigurationPlatforms) = postSolution
		{DAF57926-EB3B-4C4A-98C6-099C2FFB0518}.Debug|Any CPU.ActiveCfg = Debug|Any CPU
		{DAF57926-EB3B-4C4A-98C6-099C2FFB0518}.Debug|Any CPU.Build.0 = Debug|Any CPU
		{DAF57926-EB3B-4C4A-98C6-099C2FFB0518}.Release|Any CPU.ActiveCfg = Release|Any CPU
		{DAF57926-EB3B-4C4A-98C6-099C2FFB0518}.Release|Any CPU.Build.0 = Release|Any CPU
	EndGlobalSection
	GlobalSection(SolutionProperties) = preSolution
		HideSolutionNode = FALSE
	EndGlobalSection
	GlobalSection(ExtensibilityGlobals) = postSolution
		SolutionGuid = {C86F8888-A96C-4144-B493-B8BB116AA2D9}
	EndGlobalSection
EndGlobal
